
Microsoft Visual Studio Solution File, Format Version 12.00
# Visual Studio Version 17
VisualStudioVersion = 17.5.33627.172
MinimumVisualStudioVersion = 10.0.40219.1
Project("{FAE04EC0-301F-11D3-BF4B-00C04F79EFBC}") = "PresentationWEB", "PresentationWEB\PresentationWEB.csproj", "{F685D64C-3CC6-4654-87D3-85F627908EA9}"
EndProject
Global
	GlobalSection(SolutionConfigurationPlatforms) = preSolution
		Debug|Any CPU = Debug|Any CPU
		Release|Any CPU = Release|Any CPU
	EndGlobalSection
	GlobalSection(ProjectConfigurationPlatforms) = postSolution
		{F685D64C-3CC6-4654-87D3-85F627908EA9}.Debug|Any CPU.ActiveCfg = Debug|Any CPU
		{F685D64C-3CC6-4654-87D3-85F627908EA9}.Debug|Any CPU.Build.0 = Debug|Any CPU
		{F685D64C-3CC6-4654-87D3-85F627908EA9}.Release|Any CPU.ActiveCfg = Release|Any CPU
		{F685D64C-3CC6-4654-87D3-85F627908EA9}.Release|Any CPU.Build.0 = Release|Any CPU
	EndGlobalSection
	GlobalSection(SolutionProperties) = preSolution
		HideSolutionNode = FALSE
	EndGlobalSection
	GlobalSection(ExtensibilityGlobals) = postSolution
		SolutionGuid = {E5BEEA0E-D91F-4FA5-A3A1-78F232A50F70}
	EndGlobalSection
EndGlobal
